<?xml version="1.0" encoding="utf-8"?>
<Project ToolsVersion="4.0" xmlns="http://schemas.microsoft.com/developer/msbuild/2003">
  <ItemGroup>
    <ClCompile Include="..\Src\FirstAidKitComponent.cpp" />
    <ClCompile Include="..\Src\FSMEnemyComponent.cpp" />
    <ClCompile Include="..\Src\GameManager.cpp" />
    <ClCompile Include="..\Src\HealthComponent.cpp" />
    <ClCompile Include="..\Src\InteractiveObjectComponent.cpp" />
    <ClCompile Include="..\Src\main.cpp" />
    <ClCompile Include="..\Src\ObjectDeactivatorComponent.cpp" />
    <ClCompile Include="..\Src\PlayerInteractiveComponent.cpp" />
    <ClCompile Include="..\Src\PlayerLightComponent.cpp" />
    <ClCompile Include="..\Src\PlayerMovementComponent.cpp" />
    <ClCompile Include="..\Src\ScreamerAIEnemyComponent.cpp" />
    <ClCompile Include="..\Src\TrapComponent.cpp" />
    <ClCompile Include="..\Src\HideoutComponent.cpp" />
    <ClCompile Include="..\Src\PlayerVisibilityComponent.cpp" />
  </ItemGroup>
  <ItemGroup>
    <ClInclude Include="..\Src\FirstAidKitComponent.h" />
    <ClInclude Include="..\Src\FSMEnemyComponent.h" />
    <ClInclude Include="..\Src\GameManager.h" />
    <ClInclude Include="..\Src\InteractiveObjectComponent.h" />
    <ClInclude Include="..\Src\ObjectDeactivatorComponent.h" />
    <ClInclude Include="..\Src\PlayerInteractiveComponent.h" />
    <ClInclude Include="..\Src\PlayerLightComponent.h" />
    <ClInclude Include="..\Src\PlayerMovementComponent.h" />
    <ClInclude Include="..\Src\ScreamerAIEnemyComponent.h" />
    <ClInclude Include="..\Src\TrapComponent.h" />
    <ClInclude Include="..\Src\UserComponentsIDs.h" />
    <ClInclude Include="..\Src\HealthComponent.h" />
    <ClInclude Include="..\Src\HideoutComponent.h" />
    <ClInclude Include="..\Src\PlayerVisibilityComponent.h" />
  </ItemGroup>
</Project>